
Microsoft Visual Studio Solution File, Format Version 12.00
# Visual Studio Version 17
VisualStudioVersion = 17.4.33103.184
MinimumVisualStudioVersion = 10.0.40219.1
Project("{9A19103F-16F7-4668-BE54-9A1E7A4F7556}") = "Zoopark", "Zoopark\Zoopark.csproj", "{9454FC09-99F8-4EFA-804E-1A0C593737D8}"
EndProject
Project("{FAE04EC0-301F-11D3-BF4B-00C04F79EFBC}") = "WebUI", "WebUI\WebUI.csproj", "{4F386844-DE70-4C6B-BE6D-2488BAC5E822}"
EndProject
Global
	GlobalSection(SolutionConfigurationPlatforms) = preSolution
		Debug|Any CPU = Debug|Any CPU
		Release|Any CPU = Release|Any CPU
	EndGlobalSection
	GlobalSection(ProjectConfigurationPlatforms) = postSolution
		{9454FC09-99F8-4EFA-804E-1A0C593737D8}.Debug|Any CPU.ActiveCfg = Debug|Any CPU
		{9454FC09-99F8-4EFA-804E-1A0C593737D8}.Debug|Any CPU.Build.0 = Debug|Any CPU
		{9454FC09-99F8-4EFA-804E-1A0C593737D8}.Release|Any CPU.ActiveCfg = Release|Any CPU
		{9454FC09-99F8-4EFA-804E-1A0C593737D8}.Release|Any CPU.Build.0 = Release|Any CPU
		{4F386844-DE70-4C6B-BE6D-2488BAC5E822}.Debug|Any CPU.ActiveCfg = Debug|Any CPU
		{4F386844-DE70-4C6B-BE6D-2488BAC5E822}.Debug|Any CPU.Build.0 = Debug|Any CPU
		{4F386844-DE70-4C6B-BE6D-2488BAC5E822}.Release|Any CPU.ActiveCfg = Release|Any CPU
		{4F386844-DE70-4C6B-BE6D-2488BAC5E822}.Release|Any CPU.Build.0 = Release|Any CPU
	EndGlobalSection
	GlobalSection(SolutionProperties) = preSolution
		HideSolutionNode = FALSE
	EndGlobalSection
	GlobalSection(ExtensibilityGlobals) = postSolution
		SolutionGuid = {730DE9B1-86AD-44F8-BB35-7C091EC20A1F}
	EndGlobalSection
EndGlobal
